schema: '2.0'
stages:
  download:
    cmd: python -m energy.data.download_dataset
    deps:
    - path: src/energy/data/download_dataset.py
      hash: md5
      md5: 6756aef4c1c9bf2cbce139d675c21807
      size: 932
    outs:
    - path: data/raw/household_power_consumption.txt
      hash: md5
      md5: e05286cd4a257d80c3f0407b350df7dd
      size: 132960755
  make_dataset:
    cmd: python -m energy.data.create_dataset
    deps:
    - path: data/raw/household_power_consumption.txt
      hash: md5
      md5: e05286cd4a257d80c3f0407b350df7dd
      size: 132960755
    - path: src/energy/data/create_dataset.py
      hash: md5
      md5: 0745aa2d4e0033fe4a1998b885402ea9
      size: 1646
    outs:
    - path: data/processed/hourly.parquet
      hash: md5
      md5: b2bdbbef1d0ecc52945b70b31daf38fe
      size: 530239
  baseline:
    cmd: python -m energy.models.baseline
    deps:
    - path: data/processed/hourly.parquet
      hash: md5
      md5: b2bdbbef1d0ecc52945b70b31daf38fe
      size: 530239
    - path: src/energy/config.py
      hash: md5
      md5: 5c6f3d4651a1f589f5bc26b3800ec3ca
      size: 373
    - path: src/energy/evaluation.py
      hash: md5
      md5: fab83d02596fefead0a06afeaf7b77c1
      size: 3712
    - path: src/energy/features/build.py
      hash: md5
      md5: 2a7610672fb3233398c1b905d91dd8a3
      size: 3453
    - path: src/energy/models/baseline.py
      hash: md5
      md5: a61f5a2eac8f30ed537c54b0de363cb4
      size: 2929
    - path: src/energy/tracking.py
      hash: md5
      md5: a70a914487fe01e41bc8aef470ca8dcd
      size: 1480
    params:
      configs/params.yaml:
        data:
          processed_path: data/processed/hourly.parquet
          target: global_active_power
        features:
          max_horizon: 24
          lags:
          - 0
          - 1
          - 2
          - 3
          - 24
          - 25
          - 48
          - 168
          rolling_windows:
          - 24
          - 168
        mlflow:
          tracking_uri: http://localhost:5000
          experiment: energy-forecasting
          registered_model: energy-forecaster
          champion_alias: champion
        split:
          test_months: 12
          cv_splits: 5
          cv_gap_hours: 24
    outs:
    - path: reports/baseline_metrics.json
      hash: md5
      md5: 3a26cc214113bbda3ea4b40fa79e2cd0
      size: 6903
  train:
    cmd: python -m energy.models.train
    deps:
    - path: data/processed/hourly.parquet
      hash: md5
      md5: b2bdbbef1d0ecc52945b70b31daf38fe
      size: 530239
    - path: reports/baseline_metrics.json
      hash: md5
      md5: 3a26cc214113bbda3ea4b40fa79e2cd0
      size: 6903
    - path: src/energy/config.py
      hash: md5
      md5: 5c6f3d4651a1f589f5bc26b3800ec3ca
      size: 373
    - path: src/energy/evaluation.py
      hash: md5
      md5: fab83d02596fefead0a06afeaf7b77c1
      size: 3712
    - path: src/energy/features/build.py
      hash: md5
      md5: 2a7610672fb3233398c1b905d91dd8a3
      size: 3453
    - path: src/energy/models/train.py
      hash: md5
      md5: 921839499b80bb312dd5dfeac9327a84
      size: 9349
    - path: src/energy/tracking.py
      hash: md5
      md5: a70a914487fe01e41bc8aef470ca8dcd
      size: 1480
    params:
      configs/params.yaml:
        data:
          processed_path: data/processed/hourly.parquet
          target: global_active_power
        evaluation:
          reference_baseline: best
        features:
          max_horizon: 24
          lags:
          - 0
          - 1
          - 2
          - 3
          - 24
          - 25
          - 48
          - 168
          rolling_windows:
          - 24
          - 168
        mlflow:
          tracking_uri: http://localhost:5000
          experiment: energy-forecasting
          registered_model: energy-forecaster
          champion_alias: champion
        model:
          random_forest:
            horizons:
            - 1
            - 24
            params:
              n_estimators: 300
              max_depth: 20
              min_samples_leaf: 5
              n_jobs: -1
              random_state: 42
          xgboost:
            horizons: all
            params:
              n_estimators: 600
              learning_rate: 0.05
              max_depth: 6
              subsample: 0.8
              colsample_bytree: 0.8
              n_jobs: -1
              random_state: 42
        split:
          test_months: 12
          cv_splits: 5
          cv_gap_hours: 24
    outs:
    - path: models
      hash: md5
      md5: 16a02f517f87e0a8454bd67fb2c37b3b.dir
      size: 256228237
      nfiles: 26
    - path: reports/feature_importance
      hash: md5
      md5: 75b5e7c786edef16e6bfca9400a390f0.dir
      size: 14824
      nfiles: 26
    - path: reports/model_metrics.json
      hash: md5
      md5: 71030d8c5ba4efae032b70283472d402
      size: 13236
  promote:
    cmd: python -m energy.models.promote
    deps:
    - path: reports/baseline_metrics.json
      hash: md5
      md5: 3a26cc214113bbda3ea4b40fa79e2cd0
      size: 6903
    - path: reports/model_metrics.json
      hash: md5
      md5: 71030d8c5ba4efae032b70283472d402
      size: 13236
    - path: src/energy/evaluation.py
      hash: md5
      md5: fab83d02596fefead0a06afeaf7b77c1
      size: 3712
    - path: src/energy/models/promote.py
      hash: md5
      md5: 6a8e98320a528d76163cc381089251a3
      size: 4088
    - path: src/energy/tracking.py
      hash: md5
      md5: a70a914487fe01e41bc8aef470ca8dcd
      size: 1480
    params:
      configs/params.yaml:
        evaluation:
          reference_baseline: best
        mlflow:
          tracking_uri: http://localhost:5000
          experiment: energy-forecasting
          registered_model: energy-forecaster
          champion_alias: champion
    outs:
    - path: reports/champion.json
      hash: md5
      md5: 2aed3efb1a81f284d0a730af5c504eef
      size: 7307
  report:
    cmd: python -m energy.report
    deps:
    - path: reports/baseline_metrics.json
      hash: md5
      md5: 3a26cc214113bbda3ea4b40fa79e2cd0
      size: 6903
    - path: reports/model_metrics.json
      hash: md5
      md5: 71030d8c5ba4efae032b70283472d402
      size: 13236
    - path: src/energy/config.py
      hash: md5
      md5: 5c6f3d4651a1f589f5bc26b3800ec3ca
      size: 373
    - path: src/energy/evaluation.py
      hash: md5
      md5: fab83d02596fefead0a06afeaf7b77c1
      size: 3712
    - path: src/energy/report.py
      hash: md5
      md5: 1dd455f2eeb5836cc76f219626282b11
      size: 9071
    params:
      configs/params.yaml:
        evaluation:
          reference_baseline: best
    outs:
    - path: reports/figures/mae_by_horizon.png
      hash: md5
      md5: d20bef9583b9b08a07708e97287bb4ce
      size: 87120
    - path: reports/mae_by_horizon.csv
      hash: md5
      md5: b4ad4581c1fcf0ed185ac4741e081c67
      size: 1997
    - path: reports/summary.md
      hash: md5
      md5: 398160a4daec50451c3d9356986bca58
      size: 2057
